
Microsoft Visual Studio Solution File, Format Version 12.00
# Visual Studio Version 17
VisualStudioVersion = 17.9.34714.143
MinimumVisualStudioVersion = 10.0.40219.1
Project("{C9674DCB-5085-4A16-B785-4C70DD1589BD}") = "filepackages", "filepackages\filepackages.dtproj", "{CF2A0AC9-063B-43AD-900B-FB020AF7448B}"
EndProject
Project("{C9674DCB-5085-4A16-B785-4C70DD1589BD}") = "flatfile2", "..\flatfile2\flatfile2\flatfile2.dtproj", "{BDBAFA34-FE22-4758-B575-D99DDE5683FB}"
EndProject
Project("{C9674DCB-5085-4A16-B785-4C70DD1589BD}") = "Integration Services Project1", "..\Integration Services Project1\Integration Services Project1\Integration Services Project1.dtproj", "{F549200C-8CD3-438D-9C99-F6DE4F00A68B}"
EndProject
Project("{C9674DCB-5085-4A16-B785-4C70DD1589BD}") = "OLEDBTOAZURE", "..\OLEDBTOAZURE\OLEDBTOAZURE\OLEDBTOAZURE.dtproj", "{49209B44-D289-46FB-AA1D-C43F921ACD49}"
EndProject
Project("{C9674DCB-5085-4A16-B785-4C70DD1589BD}") = "Storedprocedure", "..\Storedprocedure\Storedprocedure\Storedprocedure.dtproj", "{CD20B33C-2698-4556-A2E2-0CE30E2DC4ED}"
EndProject
Global
	GlobalSection(SolutionConfigurationPlatforms) = preSolution
		Development|Default = Development|Default
	EndGlobalSection
	GlobalSection(ProjectConfigurationPlatforms) = postSolution
		{CF2A0AC9-063B-43AD-900B-FB020AF7448B}.Development|Default.ActiveCfg = Development
		{CF2A0AC9-063B-43AD-900B-FB020AF7448B}.Development|Default.Build.0 = Development
		{BDBAFA34-FE22-4758-B575-D99DDE5683FB}.Development|Default.ActiveCfg = Development
		{BDBAFA34-FE22-4758-B575-D99DDE5683FB}.Development|Default.Build.0 = Development
		{F549200C-8CD3-438D-9C99-F6DE4F00A68B}.Development|Default.ActiveCfg = Development
		{F549200C-8CD3-438D-9C99-F6DE4F00A68B}.Development|Default.Build.0 = Development
		{49209B44-D289-46FB-AA1D-C43F921ACD49}.Development|Default.ActiveCfg = Development
		{49209B44-D289-46FB-AA1D-C43F921ACD49}.Development|Default.Build.0 = Development
		{CD20B33C-2698-4556-A2E2-0CE30E2DC4ED}.Development|Default.ActiveCfg = Development
		{CD20B33C-2698-4556-A2E2-0CE30E2DC4ED}.Development|Default.Build.0 = Development
	EndGlobalSection
	GlobalSection(SolutionProperties) = preSolution
		HideSolutionNode = FALSE
	EndGlobalSection
	GlobalSection(ExtensibilityGlobals) = postSolution
		SolutionGuid = {82953B17-0ACF-4C07-8D65-A72A8FDB07FC}
	EndGlobalSection
EndGlobal
