
Microsoft Visual Studio Solution File, Format Version 12.00
# Visual Studio Version 17
VisualStudioVersion = 17.9.34714.143
MinimumVisualStudioVersion = 10.0.40219.1
Project("{C9674DCB-5085-4A16-B785-4C70DD1589BD}") = "OLEDBTOAZURE", "OLEDBTOAZURE\OLEDBTOAZURE.dtproj", "{0FCDF12B-0E69-4AB2-BBE9-DE606CE9859F}"
EndProject
Global
	GlobalSection(SolutionConfigurationPlatforms) = preSolution
		Development|Default = Development|Default
	EndGlobalSection
	GlobalSection(ProjectConfigurationPlatforms) = postSolution
		{0FCDF12B-0E69-4AB2-BBE9-DE606CE9859F}.Development|Default.ActiveCfg = Development
		{0FCDF12B-0E69-4AB2-BBE9-DE606CE9859F}.Development|Default.Build.0 = Development
	EndGlobalSection
	GlobalSection(SolutionProperties) = preSolution
		HideSolutionNode = FALSE
	EndGlobalSection
	GlobalSection(ExtensibilityGlobals) = postSolution
		SolutionGuid = {46C67F6A-48B2-4909-8C12-10CDDDE9AEE5}
	EndGlobalSection
EndGlobal
